
Microsoft Visual Studio Solution File, Format Version 12.00
# Visual Studio Version 17
VisualStudioVersion = 17.0.31512.422
MinimumVisualStudioVersion = 10.0.40219.1
Project("{9A19103F-16F7-4668-BE54-9A1E7A4F7556}") = "KataLib", "KataLib\KataLib.csproj", "{255862B6-6338-4369-BEE8-82FD876E82A8}"
EndProject
Project("{9A19103F-16F7-4668-BE54-9A1E7A4F7556}") = "KataTests", "KataTests\KataTests.csproj", "{F2FC2BFA-673A-42B1-BAF2-10B80C687E22}"
EndProject
Project("{2150E333-8FDC-42A3-9474-1A3956D46DE8}") = "Solution Items", "Solution Items", "{92BF9C06-956E-4772-B9FE-6AA9A8F370B7}"
	ProjectSection(SolutionItems) = preProject
		README.md = README.md
	EndProjectSection
EndProject
Global
	GlobalSection(SolutionConfigurationPlatforms) = preSolution
		Debug|Any CPU = Debug|Any CPU
		Release|Any CPU = Release|Any CPU
	EndGlobalSection
	GlobalSection(ProjectConfigurationPlatforms) = postSolution
		{255862B6-6338-4369-BEE8-82FD876E82A8}.Debug|Any CPU.ActiveCfg = Debug|Any CPU
		{255862B6-6338-4369-BEE8-82FD876E82A8}.Debug|Any CPU.Build.0 = Debug|Any CPU
		{255862B6-6338-4369-BEE8-82FD876E82A8}.Release|Any CPU.ActiveCfg = Release|Any CPU
		{255862B6-6338-4369-BEE8-82FD876E82A8}.Release|Any CPU.Build.0 = Release|Any CPU
		{F2FC2BFA-673A-42B1-BAF2-10B80C687E22}.Debug|Any CPU.ActiveCfg = Debug|Any CPU
		{F2FC2BFA-673A-42B1-BAF2-10B80C687E22}.Debug|Any CPU.Build.0 = Debug|Any CPU
		{F2FC2BFA-673A-42B1-BAF2-10B80C687E22}.Release|Any CPU.ActiveCfg = Release|Any CPU
		{F2FC2BFA-673A-42B1-BAF2-10B80C687E22}.Release|Any CPU.Build.0 = Release|Any CPU
	EndGlobalSection
	GlobalSection(SolutionProperties) = preSolution
		HideSolutionNode = FALSE
	EndGlobalSection
	GlobalSection(ExtensibilityGlobals) = postSolution
		SolutionGuid = {B9B00444-470D-4B24-B1F1-E2AD95344E74}
	EndGlobalSection
EndGlobal
